// !$*UTF8*$!
{
	archiveVersion = 1;
	classes = {
	};
	objectVersion = 55;
	objects = {

/* Begin PBXBuildFile section */
		1CF10946281991B9004934DA /* FitnessRingsDemoApp.swift in Sources */ = {isa = PBXBuildFile; fileRef = 1CF10945281991B9004934DA /* FitnessRingsDemoApp.swift */; };
		1CF10948281991B9004934DA /* ContentView.swift in Sources */ = {isa = PBXBuildFile; fileRef = 1CF10947281991B9004934DA /* ContentView.swift */; };
		1CF1094A281991BD004934DA /* Assets.xcassets in Resources */ = {isa = PBXBuildFile; fileRef = 1CF10949281991BD004934DA /* Assets.xcassets */; };
		1CF1094D281991BD004934DA /* Preview Assets.xcassets in Resources */ = {isa = PBXBuildFile; fileRef = 1CF1094C281991BD004934DA /* Preview Assets.xcassets */; };
		1CF109552819926E004934DA /* FitnessRings.swift in Sources */ = {isa = PBXBuildFile; fileRef = 1CF109542819926E004934DA /* FitnessRings.swift */; };
		1CF1095728199294004934DA /* Rings.swift in Sources */ = {isa = PBXBuildFile; fileRef = 1CF1095628199294004934DA /* Rings.swift */; };
		1CF1095F28199472004934DA /* iOSFitnessRingsDemoApp.swift in Sources */ = {isa = PBXBuildFile; fileRef = 1CF1095E28199472004934DA /* iOSFitnessRingsDemoApp.swift */; };
		1CF1096128199472004934DA /* iOSContentView.swift in Sources */ = {isa = PBXBuildFile; fileRef = 1CF1096028199472004934DA /* iOSContentView.swift */; };
		1CF1096328199475004934DA /* Assets.xcassets in Resources */ = {isa = PBXBuildFile; fileRef = 1CF1096228199475004934DA /* Assets.xcassets */; };
		1CF1096628199475004934DA /* Preview Assets.xcassets in Resources */ = {isa = PBXBuildFile; fileRef = 1CF1096528199475004934DA /* Preview Assets.xcassets */; };
		1CF1096A28199479004934DA /* ContentView.swift in Sources */ = {isa = PBXBuildFile; fileRef = 1CF10947281991B9004934DA /* ContentView.swift */; };
		1CF1096B2819947C004934DA /* FitnessRings.swift in Sources */ = {isa = PBXBuildFile; fileRef = 1CF109542819926E004934DA /* FitnessRings.swift */; };
		1CF1096C2819947E004934DA /* Rings.swift in Sources */ = {isa = PBXBuildFile; fileRef = 1CF1095628199294004934DA /* Rings.swift */; };
/* End PBXBuildFile section */

/* Begin PBXFileReference section */
		1CF10942281991B9004934DA /* FitnessRingsDemo.app */ = {isa = PBXFileReference; explicitFileType = wrapper.application; includeInIndex = 0; path = FitnessRingsDemo.app; sourceTree = BUILT_PRODUCTS_DIR; };
		1CF10945281991B9004934DA /* FitnessRingsDemoApp.swift */ = {isa = PBXFileReference; lastKnownFileType = sourcecode.swift; path = FitnessRingsDemoApp.swift; sourceTree = "<group>"; };
		1CF10947281991B9004934DA /* ContentView.swift */ = {isa = PBXFileReference; lastKnownFileType = sourcecode.swift; path = ContentView.swift; sourceTree = "<group>"; };
		1CF10949281991BD004934DA /* Assets.xcassets */ = {isa = PBXFileReference; lastKnownFileType = folder.assetcatalog; path = Assets.xcassets; sourceTree = "<group>"; };
		1CF1094C281991BD004934DA /* Preview Assets.xcassets */ = {isa = PBXFileReference; lastKnownFileType = folder.assetcatalog; path = "Preview Assets.xcassets"; sourceTree = "<group>"; };
		1CF1094E281991BD004934DA /* FitnessRingsDemo.entitlements */ = {isa = PBXFileReference; lastKnownFileType = text.plist.entitlements; path = FitnessRingsDemo.entitlements; sourceTree = "<group>"; };
		1CF109542819926E004934DA /* FitnessRings.swift */ = {isa = PBXFileReference; lastKnownFileType = sourcecode.swift; path = FitnessRings.swift; sourceTree = "<group>"; };
		1CF1095628199294004934DA /* Rings.swift */ = {isa = PBXFileReference; lastKnownFileType = sourcecode.swift; path = Rings.swift; sourceTree = "<group>"; };
		1CF1095C28199472004934DA /* iOSFitnessRingsDemo.app */ = {isa = PBXFileReference; explicitFileType = wrapper.application; includeInIndex = 0; path = iOSFitnessRingsDemo.app; sourceTree = BUILT_PRODUCTS_DIR; };
		1CF1095E28199472004934DA /* iOSFitnessRingsDemoApp.swift */ = {isa = PBXFileReference; lastKnownFileType = sourcecode.swift; path = iOSFitnessRingsDemoApp.swift; sourceTree = "<group>"; };
		1CF1096028199472004934DA /* iOSContentView.swift */ = {isa = PBXFileReference; lastKnownFileType = sourcecode.swift; path = iOSContentView.swift; sourceTree = "<group>"; };
		1CF1096228199475004934DA /* Assets.xcassets */ = {isa = PBXFileReference; lastKnownFileType = folder.assetcatalog; path = Assets.xcassets; sourceTree = "<group>"; };
		1CF1096528199475004934DA /* Preview Assets.xcassets */ = {isa = PBXFileReference; lastKnownFileType = folder.assetcatalog; path = "Preview Assets.xcassets"; sourceTree = "<group>"; };
/* End PBXFileReference section */

/* Begin PBXFrameworksBuildPhase section */
		1CF1093F281991B9004934DA /* Frameworks */ = {
			isa = PBXFrameworksBuildPhase;
			buildActionMask = 2147483647;
			files = (
			);
			runOnlyForDeploymentPostprocessing = 0;
		};
		1CF1095928199472004934DA /* Frameworks */ = {
			isa = PBXFrameworksBuildPhase;
			buildActionMask = 2147483647;
			files = (
			);
			runOnlyForDeploymentPostprocessing = 0;
		};
/* End PBXFrameworksBuildPhase section */

/* Begin PBXGroup section */
		1CF10939281991B9004934DA = {
			isa = PBXGroup;
			children = (
				1CF10944281991B9004934DA /* FitnessRingsDemo */,
				1CF1095D28199472004934DA /* iOSFitnessRingsDemo */,
				1CF10943281991B9004934DA /* Products */,
			);
			sourceTree = "<group>";
		};
		1CF10943281991B9004934DA /* Products */ = {
			isa = PBXGroup;
			children = (
				1CF10942281991B9004934DA /* FitnessRingsDemo.app */,
				1CF1095C28199472004934DA /* iOSFitnessRingsDemo.app */,
			);
			name = Products;
			sourceTree = "<group>";
		};
		1CF10944281991B9004934DA /* FitnessRingsDemo */ = {
			isa = PBXGroup;
			children = (
				1CF10945281991B9004934DA /* FitnessRingsDemoApp.swift */,
				1CF10947281991B9004934DA /* ContentView.swift */,
				1CF109542819926E004934DA /* FitnessRings.swift */,
				1CF1095628199294004934DA /* Rings.swift */,
				1CF10949281991BD004934DA /* Assets.xcassets */,
				1CF1094E281991BD004934DA /* FitnessRingsDemo.entitlements */,
				1CF1094B281991BD004934DA /* Preview Content */,
			);
			path = FitnessRingsDemo;
			sourceTree = "<group>";
		};
		1CF1094B281991BD004934DA /* Preview Content */ = {
			isa = PBXGroup;
			children = (
				1CF1094C281991BD004934DA /* Preview Assets.xcassets */,
			);
			path = "Preview Content";
			sourceTree = "<group>";
		};
		1CF1095D28199472004934DA /* iOSFitnessRingsDemo */ = {
			isa = PBXGroup;
			children = (
				1CF1095E28199472004934DA /* iOSFitnessRingsDemoApp.swift */,
				1CF1096028199472004934DA /* iOSContentView.swift */,
				1CF1096228199475004934DA /* Assets.xcassets */,
				1CF1096428199475004934DA /* Preview Content */,
			);
			path = iOSFitnessRingsDemo;
			sourceTree = "<group>";
		};
		1CF1096428199475004934DA /* Preview Content */ = {
			isa = PBXGroup;
			children = (
				1CF1096528199475004934DA /* Preview Assets.xcassets */,
			);
			path = "Preview Content";
			sourceTree = "<group>";
		};
/* End PBXGroup section */

/* Begin PBXNativeTarget section */
		1CF10941281991B9004934DA /* FitnessRingsDemo */ = {
			isa = PBXNativeTarget;
			buildConfigurationList = 1CF10951281991BD004934DA /* Build configuration list for PBXNativeTarget "FitnessRingsDemo" */;
			buildPhases = (
				1CF1093E281991B9004934DA /* Sources */,
				1CF1093F281991B9004934DA /* Frameworks */,
				1CF10940281991B9004934DA /* Resources */,
			);
			buildRules = (
			);
			dependencies = (
			);
			name = FitnessRingsDemo;
			productName = FitnessRingsDemo;
			productReference = 1CF10942281991B9004934DA /* FitnessRingsDemo.app */;
			productType = "com.apple.product-type.application";
		};
		1CF1095B28199472004934DA /* iOSFitnessRingsDemo */ = {
			isa = PBXNativeTarget;
			buildConfigurationList = 1CF1096728199475004934DA /* Build configuration list for PBXNativeTarget "iOSFitnessRingsDemo" */;
			buildPhases = (
				1CF1095828199472004934DA /* Sources */,
				1CF1095928199472004934DA /* Frameworks */,
				1CF1095A28199472004934DA /* Resources */,
			);
			buildRules = (
			);
			dependencies = (
			);
			name = iOSFitnessRingsDemo;
			productName = iOSFitnessRingsDemo;
			productReference = 1CF1095C28199472004934DA /* iOSFitnessRingsDemo.app */;
			productType = "com.apple.product-type.application";
		};
/* End PBXNativeTarget section */

/* Begin PBXProject section */
		1CF1093A281991B9004934DA /* Project object */ = {
			isa = PBXProject;
			attributes = {
				BuildIndependentTargetsInParallel = 1;
				LastSwiftUpdateCheck = 1330;
				LastUpgradeCheck = 1330;
				TargetAttributes = {
					1CF10941281991B9004934DA = {
						CreatedOnToolsVersion = 13.3;
					};
					1CF1095B28199472004934DA = {
						CreatedOnToolsVersion = 13.3;
					};
				};
			};
			buildConfigurationList = 1CF1093D281991B9004934DA /* Build configuration list for PBXProject "FitnessRingsDemo" */;
			compatibilityVersion = "Xcode 13.0";
			developmentRegion = en;
			hasScannedForEncodings = 0;
			knownRegions = (
				en,
				Base,
			);
			mainGroup = 1CF10939281991B9004934DA;
			productRefGroup = 1CF10943281991B9004934DA /* Products */;
			projectDirPath = "";
			projectRoot = "";
			targets = (
				1CF10941281991B9004934DA /* FitnessRingsDemo */,
				1CF1095B28199472004934DA /* iOSFitnessRingsDemo */,
			);
		};
/* End PBXProject section */

/* Begin PBXResourcesBuildPhase section */
		1CF10940281991B9004934DA /* Resources */ = {
			isa = PBXResourcesBuildPhase;
			buildActionMask = 2147483647;
			files = (
				1CF1094D281991BD004934DA /* Preview Assets.xcassets in Resources */,
				1CF1094A281991BD004934DA /* Assets.xcassets in Resources */,
			);
			runOnlyForDeploymentPostprocessing = 0;
		};
		1CF1095A28199472004934DA /* Resources */ = {
			isa = PBXResourcesBuildPhase;
			buildActionMask = 2147483647;
			files = (
				1CF1096628199475004934DA /* Preview Assets.xcassets in Resources */,
				1CF1096328199475004934DA /* Assets.xcassets in Resources */,
			);
			runOnlyForDeploymentPostprocessing = 0;
		};
/* End PBXResourcesBuildPhase section */

/* Begin PBXSourcesBuildPhase section */
		1CF1093E281991B9004934DA /* Sources */ = {
			isa = PBXSourcesBuildPhase;
			buildActionMask = 2147483647;
			files = (
				1CF109552819926E004934DA /* FitnessRings.swift in Sources */,
				1CF1095728199294004934DA /* Rings.swift in Sources */,
				1CF10948281991B9004934DA /* ContentView.swift in Sources */,
				1CF10946281991B9004934DA /* FitnessRingsDemoApp.swift in Sources */,
			);
			runOnlyForDeploymentPostprocessing = 0;
		};
		1CF1095828199472004934DA /* Sources */ = {
			isa = PBXSourcesBuildPhase;
			buildActionMask = 2147483647;
			files = (
				1CF1096B2819947C004934DA /* FitnessRings.swift in Sources */,
				1CF1096C2819947E004934DA /* Rings.swift in Sources */,
				1CF1096128199472004934DA /* iOSContentView.swift in Sources */,
				1CF1095F28199472004934DA /* iOSFitnessRingsDemoApp.swift in Sources */,
				1CF1096A28199479004934DA /* ContentView.swift in Sources */,
			);
			runOnlyForDeploymentPostprocessing = 0;
		};
/* End PBXSourcesBuildPhase section */

/* Begin XCBuildConfiguration section */
		1CF1094F281991BD004934DA /* Debug */ = {
			isa = XCBuildConfiguration;
			buildSettings = {
				ALWAYS_SEARCH_USER_PATHS = NO;
				CLANG_ANALYZER_NONNULL = YES;
				CLANG_ANALYZER_NUMBER_OBJECT_CONVERSION = YES_AGGRESSIVE;
				CLANG_CXX_LANGUAGE_STANDARD = "gnu++17";
				CLANG_ENABLE_MODULES = YES;
				CLANG_ENABLE_OBJC_ARC = YES;
				CLANG_ENABLE_OBJC_WEAK = YES;
				CLANG_WARN_BLOCK_CAPTURE_AUTORELEASING = YES;
				CLANG_WARN_BOOL_CONVERSION = YES;
				CLANG_WARN_COMMA = YES;
				CLANG_WARN_CONSTANT_CONVERSION = YES;
				CLANG_WARN_DEPRECATED_OBJC_IMPLEMENTATIONS = YES;
				CLANG_WARN_DIRECT_OBJC_ISA_USAGE = YES_ERROR;
				CLANG_WARN_DOCUMENTATION_COMMENTS = YES;
				CLANG_WARN_EMPTY_BODY = YES;
				CLANG_WARN_ENUM_CONVERSION = YES;
				CLANG_WARN_INFINITE_RECURSION = YES;
				CLANG_WARN_INT_CONVERSION = YES;
				CLANG_WARN_NON_LITERAL_NULL_CONVERSION = YES;
				CLANG_WARN_OBJC_IMPLICIT_RETAIN_SELF = YES;
				CLANG_WARN_OBJC_LITERAL_CONVERSION = YES;
				CLANG_WARN_OBJC_ROOT_CLASS = YES_ERROR;
				CLANG_WARN_QUOTED_INCLUDE_IN_FRAMEWORK_HEADER = YES;
				CLANG_WARN_RANGE_LOOP_ANALYSIS = YES;
				CLANG_WARN_STRICT_PROTOTYPES = YES;
				CLANG_WARN_SUSPICIOUS_MOVE = YES;
				CLANG_WARN_UNGUARDED_AVAILABILITY = YES_AGGRESSIVE;
				CLANG_WARN_UNREACHABLE_CODE = YES;
				CLANG_WARN__DUPLICATE_METHOD_MATCH = YES;
				COPY_PHASE_STRIP = NO;
				DEBUG_INFORMATION_FORMAT = dwarf;
				ENABLE_STRICT_OBJC_MSGSEND = YES;
				ENABLE_TESTABILITY = YES;
				GCC_C_LANGUAGE_STANDARD = gnu11;
				GCC_DYNAMIC_NO_PIC = NO;
				GCC_NO_COMMON_BLOCKS = YES;
				GCC_OPTIMIZATION_LEVEL = 0;
				GCC_PREPROCESSOR_DEFINITIONS = (
					"DEBUG=1",
					"$(inherited)",
				);
				GCC_WARN_64_TO_32_BIT_CONVERSION = YES;
				GCC_WARN_ABOUT_RETURN_TYPE = YES_ERROR;
				GCC_WARN_UNDECLARED_SELECTOR = YES;
				GCC_WARN_UNINITIALIZED_AUTOS = YES_AGGRESSIVE;
				GCC_WARN_UNUSED_FUNCTION = YES;
				GCC_WARN_UNUSED_VARIABLE = YES;
				MACOSX_DEPLOYMENT_TARGET = 12.3;
				MTL_ENABLE_DEBUG_INFO = INCLUDE_SOURCE;
				MTL_FAST_MATH = YES;
				ONLY_ACTIVE_ARCH = YES;
				SDKROOT = macosx;
				SWIFT_ACTIVE_COMPILATION_CONDITIONS = DEBUG;
				SWIFT_OPTIMIZATION_LEVEL = "-Onone";
			};
			name = Debug;
		};
		1CF10950281991BD004934DA /* Release */ = {
			isa = XCBuildConfiguration;
			buildSettings = {
				ALWAYS_SEARCH_USER_PATHS = NO;
				CLANG_ANALYZER_NONNULL = YES;
				CLANG_ANALYZER_NUMBER_OBJECT_CONVERSION = YES_AGGRESSIVE;
				CLANG_CXX_LANGUAGE_STANDARD = "gnu++17";
				CLANG_ENABLE_MODULES = YES;
				CLANG_ENABLE_OBJC_ARC = YES;
				CLANG_ENABLE_OBJC_WEAK = YES;
				CLANG_WARN_BLOCK_CAPTURE_AUTORELEASING = YES;
				CLANG_WARN_BOOL_CONVERSION = YES;
				CLANG_WARN_COMMA = YES;
				CLANG_WARN_CONSTANT_CONVERSION = YES;
				CLANG_WARN_DEPRECATED_OBJC_IMPLEMENTATIONS = YES;
				CLANG_WARN_DIRECT_OBJC_ISA_USAGE = YES_ERROR;
				CLANG_WARN_DOCUMENTATION_COMMENTS = YES;
				CLANG_WARN_EMPTY_BODY = YES;
				CLANG_WARN_ENUM_CONVERSION = YES;
				CLANG_WARN_INFINITE_RECURSION = YES;
				CLANG_WARN_INT_CONVERSION = YES;
				CLANG_WARN_NON_LITERAL_NULL_CONVERSION = YES;
				CLANG_WARN_OBJC_IMPLICIT_RETAIN_SELF = YES;
				CLANG_WARN_OBJC_LITERAL_CONVERSION = YES;
				CLANG_WARN_OBJC_ROOT_CLASS = YES_ERROR;
				CLANG_WARN_QUOTED_INCLUDE_IN_FRAMEWORK_HEADER = YES;
				CLANG_WARN_RANGE_LOOP_ANALYSIS = YES;
				CLANG_WARN_STRICT_PROTOTYPES = YES;
				CLANG_WARN_SUSPICIOUS_MOVE = YES;
				CLANG_WARN_UNGUARDED_AVAILABILITY = YES_AGGRESSIVE;
				CLANG_WARN_UNREACHABLE_CODE = YES;
				CLANG_WARN__DUPLICATE_METHOD_MATCH = YES;
				COPY_PHASE_STRIP = NO;
				DEBUG_INFORMATION_FORMAT = "dwarf-with-dsym";
				ENABLE_NS_ASSERTIONS = NO;
				ENABLE_STRICT_OBJC_MSGSEND = YES;
				GCC_C_LANGUAGE_STANDARD = gnu11;
				GCC_NO_COMMON_BLOCKS = YES;
				GCC_WARN_64_TO_32_BIT_CONVERSION = YES;
				GCC_WARN_ABOUT_RETURN_TYPE = YES_ERROR;
				GCC_WARN_UNDECLARED_SELECTOR = YES;
				GCC_WARN_UNINITIALIZED_AUTOS = YES_AGGRESSIVE;
				GCC_WARN_UNUSED_FUNCTION = YES;
				GCC_WARN_UNUSED_VARIABLE = YES;
				MACOSX_DEPLOYMENT_TARGET = 12.3;
				MTL_ENABLE_DEBUG_INFO = NO;
				MTL_FAST_MATH = YES;
				SDKROOT = macosx;
				SWIFT_COMPILATION_MODE = wholemodule;
				SWIFT_OPTIMIZATION_LEVEL = "-O";
			};
			name = Release;
		};
		1CF10952281991BD004934DA /* Debug */ = {
			isa = XCBuildConfiguration;
			buildSettings = {
				ASSETCATALOG_COMPILER_APPICON_NAME = AppIcon;
				ASSETCATALOG_COMPILER_GLOBAL_ACCENT_COLOR_NAME = AccentColor;
				CODE_SIGN_ENTITLEMENTS = FitnessRingsDemo/FitnessRingsDemo.entitlements;
				CODE_SIGN_STYLE = Automatic;
				COMBINE_HIDPI_IMAGES = YES;
				CURRENT_PROJECT_VERSION = 1;
				DEVELOPMENT_ASSET_PATHS = "\"FitnessRingsDemo/Preview Content\"";
				DEVELOPMENT_TEAM = W8C8UQ95CG;
				ENABLE_HARDENED_RUNTIME = YES;
				ENABLE_PREVIEWS = YES;
				GENERATE_INFOPLIST_FILE = YES;
				INFOPLIST_KEY_NSHumanReadableCopyright = "";
				LD_RUNPATH_SEARCH_PATHS = (
					"$(inherited)",
					"@executable_path/../Frameworks",
				);
				MARKETING_VERSION = 1.0;
				PRODUCT_BUNDLE_IDENTIFIER = com.alyxferrari.FitnessRingsDemo;
				PRODUCT_NAME = "$(TARGET_NAME)";
				SWIFT_EMIT_LOC_STRINGS = YES;
				SWIFT_VERSION = 5.0;
			};
			name = Debug;
		};
		1CF10953281991BD004934DA /* Release */ = {
			isa = XCBuildConfiguration;
			buildSettings = {
				ASSETCATALOG_COMPILER_APPICON_NAME = AppIcon;
				ASSETCATALOG_COMPILER_GLOBAL_ACCENT_COLOR_NAME = AccentColor;
				CODE_SIGN_ENTITLEMENTS = FitnessRingsDemo/FitnessRingsDemo.entitlements;
				CODE_SIGN_STYLE = Automatic;
				COMBINE_HIDPI_IMAGES = YES;
				CURRENT_PROJECT_VERSION = 1;
				DEVELOPMENT_ASSET_PATHS = "\"FitnessRingsDemo/Preview Content\"";
				DEVELOPMENT_TEAM = W8C8UQ95CG;
				ENABLE_HARDENED_RUNTIME = YES;
				ENABLE_PREVIEWS = YES;
				GENERATE_INFOPLIST_FILE = YES;
				INFOPLIST_KEY_NSHumanReadableCopyright = "";
				LD_RUNPATH_SEARCH_PATHS = (
					"$(inherited)",
					"@executable_path/../Frameworks",
				);
				MARKETING_VERSION = 1.0;
				PRODUCT_BUNDLE_IDENTIFIER = com.alyxferrari.FitnessRingsDemo;
				PRODUCT_NAME = "$(TARGET_NAME)";
				SWIFT_EMIT_LOC_STRINGS = YES;
				SWIFT_VERSION = 5.0;
			};
			name = Release;
		};
		1CF1096828199475004934DA /* Debug */ = {
			isa = XCBuildConfiguration;
			buildSettings = {
				ASSETCATALOG_COMPILER_APPICON_NAME = AppIcon;
				ASSETCATALOG_COMPILER_GLOBAL_ACCENT_COLOR_NAME = AccentColor;
				CODE_SIGN_STYLE = Automatic;
				CURRENT_PROJECT_VERSION = 1;
				DEVELOPMENT_ASSET_PATHS = "\"iOSFitnessRingsDemo/Preview Content\"";
				DEVELOPMENT_TEAM = W8C8UQ95CG;
				ENABLE_PREVIEWS = YES;
				GENERATE_INFOPLIST_FILE = YES;
				INFOPLIST_KEY_UIApplicationSceneManifest_Generation = YES;
				INFOPLIST_KEY_UIApplicationSupportsIndirectInputEvents = YES;
				INFOPLIST_KEY_UILaunchScreen_Generation = YES;
				INFOPLIST_KEY_UISupportedInterfaceOrientations_iPad = "UIInterfaceOrientationPortrait UIInterfaceOrientationPortraitUpsideDown UIInterfaceOrientationLandscapeLeft UIInterfaceOrientationLandscapeRight";
				INFOPLIST_KEY_UISupportedInterfaceOrientations_iPhone = "UIInterfaceOrientationPortrait UIInterfaceOrientationLandscapeLeft UIInterfaceOrientationLandscapeRight";
				IPHONEOS_DEPLOYMENT_TARGET = 15.4;
				LD_RUNPATH_SEARCH_PATHS = (
					"$(inherited)",
					"@executable_path/Frameworks",
				);
				MARKETING_VERSION = 1.0;
				PRODUCT_BUNDLE_IDENTIFIER = com.alyxferrari.iOSFitnessRingsDemo;
				PRODUCT_NAME = "$(TARGET_NAME)";
				SDKROOT = iphoneos;
				SWIFT_EMIT_LOC_STRINGS = YES;
				SWIFT_VERSION = 5.0;
				TARGETED_DEVICE_FAMILY = "1,2";
			};
			name = Debug;
		};
		1CF1096928199475004934DA /* Release */ = {
			isa = XCBuildConfiguration;
			buildSettings = {
				ASSETCATALOG_COMPILER_APPICON_NAME = AppIcon;
				ASSETCATALOG_COMPILER_GLOBAL_ACCENT_COLOR_NAME = AccentColor;
				CODE_SIGN_STYLE = Automatic;
				CURRENT_PROJECT_VERSION = 1;
				DEVELOPMENT_ASSET_PATHS = "\"iOSFitnessRingsDemo/Preview Content\"";
				DEVELOPMENT_TEAM = W8C8UQ95CG;
				ENABLE_PREVIEWS = YES;
				GENERATE_INFOPLIST_FILE = YES;
				INFOPLIST_KEY_UIApplicationSceneManifest_Generation = YES;
				INFOPLIST_KEY_UIApplicationSupportsIndirectInputEvents = YES;
				INFOPLIST_KEY_UILaunchScreen_Generation = YES;
				INFOPLIST_KEY_UISupportedInterfaceOrientations_iPad = "UIInterfaceOrientationPortrait UIInterfaceOrientationPortraitUpsideDown UIInterfaceOrientationLandscapeLeft UIInterfaceOrientationLandscapeRight";
				INFOPLIST_KEY_UISupportedInterfaceOrientations_iPhone = "UIInterfaceOrientationPortrait UIInterfaceOrientationLandscapeLeft UIInterfaceOrientationLandscapeRight";
				IPHONEOS_DEPLOYMENT_TARGET = 15.4;
				LD_RUNPATH_SEARCH_PATHS = (
					"$(inherited)",
					"@executable_path/Frameworks",
				);
				MARKETING_VERSION = 1.0;
				PRODUCT_BUNDLE_IDENTIFIER = com.alyxferrari.iOSFitnessRingsDemo;
				PRODUCT_NAME = "$(TARGET_NAME)";
				SDKROOT = iphoneos;
				SWIFT_EMIT_LOC_STRINGS = YES;
				SWIFT_VERSION = 5.0;
				TARGETED_DEVICE_FAMILY = "1,2";
				VALIDATE_PRODUCT = YES;
			};
			name = Release;
		};
/* End XCBuildConfiguration section */

/* Begin XCConfigurationList section */
		1CF1093D281991B9004934DA /* Build configuration list for PBXProject "FitnessRingsDemo" */ = {
			isa = XCConfigurationList;
			buildConfigurations = (
				1CF1094F281991BD004934DA /* Debug */,
				1CF10950281991BD004934DA /* Release */,
			);
			defaultConfigurationIsVisible = 0;
			defaultConfigurationName = Release;
		};
		1CF10951281991BD004934DA /* Build configuration list for PBXNativeTarget "FitnessRingsDemo" */ = {
			isa = XCConfigurationList;
			buildConfigurations = (
				1CF10952281991BD004934DA /* Debug */,
				1CF10953281991BD004934DA /* Release */,
			);
			defaultConfigurationIsVisible = 0;
			defaultConfigurationName = Release;
		};
		1CF1096728199475004934DA /* Build configuration list for PBXNativeTarget "iOSFitnessRingsDemo" */ = {
			isa = XCConfigurationList;
			buildConfigurations = (
				1CF1096828199475004934DA /* Debug */,
				1CF1096928199475004934DA /* Release */,
			);
			defaultConfigurationIsVisible = 0;
			defaultConfigurationName = Release;
		};
/* End XCConfigurationList section */
	};
	rootObject = 1CF1093A281991B9004934DA /* Project object */;
}
